
Microsoft Visual Studio Solution File, Format Version 11.00
# Visual Studio 2010
Project("{FAE04EC0-301F-11D3-BF4B-00C04F79EFBC}") = "ProvisionServer", "ProvisionServer\ProvisionServer.csproj", "{97929AB8-F525-45EA-9E24-11212DD7994E}"
EndProject
Project("{FAE04EC0-301F-11D3-BF4B-00C04F79EFBC}") = "ProvisionClient", "ProvisionClient\ProvisionClient.csproj", "{D0A36EF9-37DB-4402-AF15-566C8F3715EA}"
EndProject
Project("{FAE04EC0-301F-11D3-BF4B-00C04F79EFBC}") = "ExecuteCompactSync", "ExecuteCompactSync\ExecuteCompactSync.csproj", "{50A04432-A295-4B6F-AB47-B9DDA3ABAF8E}"
EndProject
Global
	GlobalSection(SolutionConfigurationPlatforms) = preSolution
		Debug|x86 = Debug|x86
		Release|x86 = Release|x86
	EndGlobalSection
	GlobalSection(ProjectConfigurationPlatforms) = postSolution
		{97929AB8-F525-45EA-9E24-11212DD7994E}.Debug|x86.ActiveCfg = Debug|x86
		{97929AB8-F525-45EA-9E24-11212DD7994E}.Debug|x86.Build.0 = Debug|x86
		{97929AB8-F525-45EA-9E24-11212DD7994E}.Release|x86.ActiveCfg = Release|x86
		{97929AB8-F525-45EA-9E24-11212DD7994E}.Release|x86.Build.0 = Release|x86
		{D0A36EF9-37DB-4402-AF15-566C8F3715EA}.Debug|x86.ActiveCfg = Debug|x86
		{D0A36EF9-37DB-4402-AF15-566C8F3715EA}.Debug|x86.Build.0 = Debug|x86
		{D0A36EF9-37DB-4402-AF15-566C8F3715EA}.Release|x86.ActiveCfg = Release|x86
		{D0A36EF9-37DB-4402-AF15-566C8F3715EA}.Release|x86.Build.0 = Release|x86
		{50A04432-A295-4B6F-AB47-B9DDA3ABAF8E}.Debug|x86.ActiveCfg = Debug|x86
		{50A04432-A295-4B6F-AB47-B9DDA3ABAF8E}.Debug|x86.Build.0 = Debug|x86
		{50A04432-A295-4B6F-AB47-B9DDA3ABAF8E}.Release|x86.ActiveCfg = Release|x86
		{50A04432-A295-4B6F-AB47-B9DDA3ABAF8E}.Release|x86.Build.0 = Release|x86
	EndGlobalSection
	GlobalSection(SolutionProperties) = preSolution
		HideSolutionNode = FALSE
	EndGlobalSection
EndGlobal
